
Microsoft Visual Studio Solution File, Format Version 12.00
# Visual Studio Version 17
VisualStudioVersion = 17.0.31903.59
MinimumVisualStudioVersion = 10.0.40219.1
Project("{2150E333-8FDC-42A3-9474-1A3956D46DE8}") = "test", "test", "{EF736CC2-0029-4375-9D3A-DAFE410302A3}"
EndProject
Project("{FAE04EC0-301F-11D3-BF4B-00C04F79EFBC}") = "RecipeCalculator.Common.Test", "test\Common\RecipeCalculator.Common.Test.csproj", "{7CEB659B-4DFD-4F17-8A42-8AE6BFFE362E}"
EndProject
Project("{FAE04EC0-301F-11D3-BF4B-00C04F79EFBC}") = "RecipeCalculator.Engine.Test", "test\Engine\RecipeCalculator.Engine.Test.csproj", "{EDB129B2-61B7-4BAB-B4A1-15F99354D30A}"
EndProject
Project("{2150E333-8FDC-42A3-9474-1A3956D46DE8}") = "src", "src", "{3CED42F0-0AAA-40A5-A459-1BD692C5EB6C}"
EndProject
Project("{FAE04EC0-301F-11D3-BF4B-00C04F79EFBC}") = "RecipeCalculator.Common", "src\RecipeCalculator.Common\RecipeCalculator.Common.csproj", "{0C18CB34-13A3-43FA-9730-FD0AAC76AB12}"
EndProject
Project("{FAE04EC0-301F-11D3-BF4B-00C04F79EFBC}") = "RecipeCalculator.Engine", "src\RecipeCalculator.Engine\RecipeCalculator.Engine.csproj", "{D8A46956-B956-410A-BE8E-565F03491C77}"
EndProject
Project("{FAE04EC0-301F-11D3-BF4B-00C04F79EFBC}") = "RecipeCalculator.UI", "src\RecipeCalculator.UI\RecipeCalculator.UI.csproj", "{08FE9607-DEE6-408C-903A-991D4D0C4179}"
EndProject
Project("{FAE04EC0-301F-11D3-BF4B-00C04F79EFBC}") = "RecipeCalculator.NPV", "src\RecipeCalculator.NPV\RecipeCalculator.NPV.csproj", "{A8061A39-D4B9-41A7-96D9-9F65A466D62B}"
EndProject
Project("{FAE04EC0-301F-11D3-BF4B-00C04F79EFBC}") = "RecipeCalculator.NPV.Tests", "test\NPV\RecipeCalculator.NPV.Tests.csproj", "{375AC60D-2C5E-45E3-9DDF-1EDA4FDAFD50}"
EndProject
Global
	GlobalSection(SolutionConfigurationPlatforms) = preSolution
		Debug|Any CPU = Debug|Any CPU
		Release|Any CPU = Release|Any CPU
	EndGlobalSection
	GlobalSection(ProjectConfigurationPlatforms) = postSolution
		{7CEB659B-4DFD-4F17-8A42-8AE6BFFE362E}.Debug|Any CPU.ActiveCfg = Debug|Any CPU
		{7CEB659B-4DFD-4F17-8A42-8AE6BFFE362E}.Debug|Any CPU.Build.0 = Debug|Any CPU
		{7CEB659B-4DFD-4F17-8A42-8AE6BFFE362E}.Release|Any CPU.ActiveCfg = Release|Any CPU
		{7CEB659B-4DFD-4F17-8A42-8AE6BFFE362E}.Release|Any CPU.Build.0 = Release|Any CPU
		{EDB129B2-61B7-4BAB-B4A1-15F99354D30A}.Debug|Any CPU.ActiveCfg = Debug|Any CPU
		{EDB129B2-61B7-4BAB-B4A1-15F99354D30A}.Debug|Any CPU.Build.0 = Debug|Any CPU
		{EDB129B2-61B7-4BAB-B4A1-15F99354D30A}.Release|Any CPU.ActiveCfg = Release|Any CPU
		{EDB129B2-61B7-4BAB-B4A1-15F99354D30A}.Release|Any CPU.Build.0 = Release|Any CPU
		{0C18CB34-13A3-43FA-9730-FD0AAC76AB12}.Debug|Any CPU.ActiveCfg = Debug|Any CPU
		{0C18CB34-13A3-43FA-9730-FD0AAC76AB12}.Debug|Any CPU.Build.0 = Debug|Any CPU
		{0C18CB34-13A3-43FA-9730-FD0AAC76AB12}.Release|Any CPU.ActiveCfg = Release|Any CPU
		{0C18CB34-13A3-43FA-9730-FD0AAC76AB12}.Release|Any CPU.Build.0 = Release|Any CPU
		{D8A46956-B956-410A-BE8E-565F03491C77}.Debug|Any CPU.ActiveCfg = Debug|Any CPU
		{D8A46956-B956-410A-BE8E-565F03491C77}.Debug|Any CPU.Build.0 = Debug|Any CPU
		{D8A46956-B956-410A-BE8E-565F03491C77}.Release|Any CPU.ActiveCfg = Release|Any CPU
		{D8A46956-B956-410A-BE8E-565F03491C77}.Release|Any CPU.Build.0 = Release|Any CPU
		{08FE9607-DEE6-408C-903A-991D4D0C4179}.Debug|Any CPU.ActiveCfg = Debug|Any CPU
		{08FE9607-DEE6-408C-903A-991D4D0C4179}.Debug|Any CPU.Build.0 = Debug|Any CPU
		{08FE9607-DEE6-408C-903A-991D4D0C4179}.Release|Any CPU.ActiveCfg = Release|Any CPU
		{08FE9607-DEE6-408C-903A-991D4D0C4179}.Release|Any CPU.Build.0 = Release|Any CPU
		{A8061A39-D4B9-41A7-96D9-9F65A466D62B}.Debug|Any CPU.ActiveCfg = Debug|Any CPU
		{A8061A39-D4B9-41A7-96D9-9F65A466D62B}.Debug|Any CPU.Build.0 = Debug|Any CPU
		{A8061A39-D4B9-41A7-96D9-9F65A466D62B}.Release|Any CPU.ActiveCfg = Release|Any CPU
		{A8061A39-D4B9-41A7-96D9-9F65A466D62B}.Release|Any CPU.Build.0 = Release|Any CPU
		{375AC60D-2C5E-45E3-9DDF-1EDA4FDAFD50}.Debug|Any CPU.ActiveCfg = Debug|Any CPU
		{375AC60D-2C5E-45E3-9DDF-1EDA4FDAFD50}.Debug|Any CPU.Build.0 = Debug|Any CPU
		{375AC60D-2C5E-45E3-9DDF-1EDA4FDAFD50}.Release|Any CPU.ActiveCfg = Release|Any CPU
		{375AC60D-2C5E-45E3-9DDF-1EDA4FDAFD50}.Release|Any CPU.Build.0 = Release|Any CPU
	EndGlobalSection
	GlobalSection(SolutionProperties) = preSolution
		HideSolutionNode = FALSE
	EndGlobalSection
	GlobalSection(NestedProjects) = preSolution
		{7CEB659B-4DFD-4F17-8A42-8AE6BFFE362E} = {EF736CC2-0029-4375-9D3A-DAFE410302A3}
		{EDB129B2-61B7-4BAB-B4A1-15F99354D30A} = {EF736CC2-0029-4375-9D3A-DAFE410302A3}
		{0C18CB34-13A3-43FA-9730-FD0AAC76AB12} = {3CED42F0-0AAA-40A5-A459-1BD692C5EB6C}
		{D8A46956-B956-410A-BE8E-565F03491C77} = {3CED42F0-0AAA-40A5-A459-1BD692C5EB6C}
		{08FE9607-DEE6-408C-903A-991D4D0C4179} = {3CED42F0-0AAA-40A5-A459-1BD692C5EB6C}
		{A8061A39-D4B9-41A7-96D9-9F65A466D62B} = {3CED42F0-0AAA-40A5-A459-1BD692C5EB6C}
		{375AC60D-2C5E-45E3-9DDF-1EDA4FDAFD50} = {EF736CC2-0029-4375-9D3A-DAFE410302A3}
	EndGlobalSection
EndGlobal
