
Microsoft Visual Studio Solution File, Format Version 12.00
# Visual Studio Version 17
VisualStudioVersion = 17.0.31903.59
MinimumVisualStudioVersion = 10.0.40219.1
Project("{9A19103F-16F7-4668-BE54-9A1E7A4F7556}") = "RecipeCalculator.Common", "src\Common\RecipeCalculator.Common.csproj", "{A9B1CD74-494B-4C7C-A508-91AECCB1741F}"
EndProject
Project("{9A19103F-16F7-4668-BE54-9A1E7A4F7556}") = "RecipeCalculator.Engine", "src\Engine\RecipeCalculator.Engine.csproj", "{91CE00B4-E987-4259-BC42-5675E9CA1320}"
EndProject
Project("{2150E333-8FDC-42A3-9474-1A3956D46DE8}") = "test", "test", "{EF736CC2-0029-4375-9D3A-DAFE410302A3}"
EndProject
Project("{FAE04EC0-301F-11D3-BF4B-00C04F79EFBC}") = "RecipeCalculator.Common.Test", "test\Common\RecipeCalculator.Common.Test.csproj", "{7CEB659B-4DFD-4F17-8A42-8AE6BFFE362E}"
EndProject
Project("{FAE04EC0-301F-11D3-BF4B-00C04F79EFBC}") = "RecipeCalculator.Engine.Test", "test\Engine\RecipeCalculator.Engine.Test.csproj", "{EDB129B2-61B7-4BAB-B4A1-15F99354D30A}"
EndProject
Global
	GlobalSection(SolutionConfigurationPlatforms) = preSolution
		Debug|Any CPU = Debug|Any CPU
		Release|Any CPU = Release|Any CPU
	EndGlobalSection
	GlobalSection(ProjectConfigurationPlatforms) = postSolution
		{A9B1CD74-494B-4C7C-A508-91AECCB1741F}.Debug|Any CPU.ActiveCfg = Debug|Any CPU
		{A9B1CD74-494B-4C7C-A508-91AECCB1741F}.Debug|Any CPU.Build.0 = Debug|Any CPU
		{A9B1CD74-494B-4C7C-A508-91AECCB1741F}.Release|Any CPU.ActiveCfg = Release|Any CPU
		{A9B1CD74-494B-4C7C-A508-91AECCB1741F}.Release|Any CPU.Build.0 = Release|Any CPU
		{91CE00B4-E987-4259-BC42-5675E9CA1320}.Debug|Any CPU.ActiveCfg = Debug|Any CPU
		{91CE00B4-E987-4259-BC42-5675E9CA1320}.Debug|Any CPU.Build.0 = Debug|Any CPU
		{91CE00B4-E987-4259-BC42-5675E9CA1320}.Release|Any CPU.ActiveCfg = Release|Any CPU
		{91CE00B4-E987-4259-BC42-5675E9CA1320}.Release|Any CPU.Build.0 = Release|Any CPU
		{7CEB659B-4DFD-4F17-8A42-8AE6BFFE362E}.Debug|Any CPU.ActiveCfg = Debug|Any CPU
		{7CEB659B-4DFD-4F17-8A42-8AE6BFFE362E}.Debug|Any CPU.Build.0 = Debug|Any CPU
		{7CEB659B-4DFD-4F17-8A42-8AE6BFFE362E}.Release|Any CPU.ActiveCfg = Release|Any CPU
		{7CEB659B-4DFD-4F17-8A42-8AE6BFFE362E}.Release|Any CPU.Build.0 = Release|Any CPU
		{EDB129B2-61B7-4BAB-B4A1-15F99354D30A}.Debug|Any CPU.ActiveCfg = Debug|Any CPU
		{EDB129B2-61B7-4BAB-B4A1-15F99354D30A}.Debug|Any CPU.Build.0 = Debug|Any CPU
		{EDB129B2-61B7-4BAB-B4A1-15F99354D30A}.Release|Any CPU.ActiveCfg = Release|Any CPU
		{EDB129B2-61B7-4BAB-B4A1-15F99354D30A}.Release|Any CPU.Build.0 = Release|Any CPU
	EndGlobalSection
	GlobalSection(SolutionProperties) = preSolution
		HideSolutionNode = FALSE
	EndGlobalSection
	GlobalSection(NestedProjects) = preSolution
		{7CEB659B-4DFD-4F17-8A42-8AE6BFFE362E} = {EF736CC2-0029-4375-9D3A-DAFE410302A3}
		{EDB129B2-61B7-4BAB-B4A1-15F99354D30A} = {EF736CC2-0029-4375-9D3A-DAFE410302A3}
	EndGlobalSection
EndGlobal
